<Solution>
  <Folder Name="/src/">
    <Project Path="src/ClinicVets.UI/ClinicVets.UI.csproj" />
    <Project Path="src/ClinicVets.App/ClinicVets.App.csproj" />
    <Project Path="src/ClinicVets.Core/ClinicVets.Core.csproj" />
    <Project Path="src/ClinicVets.Data/ClinicVets.Data.csproj" />
    <Project Path="src/ClinicVets.g1/ClinicVets.g1.csproj" />
    <Project Path="src/ClinicVets.g2/ClinicVets.g2.csproj" />
    <Project Path="src/ClinicVets.g3/ClinicVets.g3.csproj" />
  </Folder>
  <Folder Name="/tests/">
    <Project Path="tests/ClinicVets.Tests/ClinicVets.Tests.csproj" />
  </Folder>
</Solution>
